
Microsoft Visual Studio Solution File, Format Version 12.00
# Visual Studio 15
VisualStudioVersion = 15.0.28307.329
MinimumVisualStudioVersion = 10.0.40219.1
Project("{9A19103F-16F7-4668-BE54-9A1E7A4F7556}") = "ConsoleApp1", "ConsoleApp1\ConsoleApp1.csproj", "{0137023F-F768-4F0E-B889-A6ED4432E31A}"
EndProject
Project("{FAE04EC0-301F-11D3-BF4B-00C04F79EFBC}") = "App1.Android", "App1\App1.Android\App1.Android.csproj", "{F578AA71-4E0C-46B5-99E3-C91FA6F1EA42}"
EndProject
Project("{FAE04EC0-301F-11D3-BF4B-00C04F79EFBC}") = "App1", "App1\App1\App1.csproj", "{C31CCFFD-9873-462C-A105-D9AD0AE13DBD}"
EndProject
Global
	GlobalSection(SolutionConfigurationPlatforms) = preSolution
		Debug|Any CPU = Debug|Any CPU
		Release|Any CPU = Release|Any CPU
	EndGlobalSection
	GlobalSection(ProjectConfigurationPlatforms) = postSolution
		{0137023F-F768-4F0E-B889-A6ED4432E31A}.Debug|Any CPU.ActiveCfg = Debug|Any CPU
		{0137023F-F768-4F0E-B889-A6ED4432E31A}.Debug|Any CPU.Build.0 = Debug|Any CPU
		{0137023F-F768-4F0E-B889-A6ED4432E31A}.Release|Any CPU.ActiveCfg = Release|Any CPU
		{0137023F-F768-4F0E-B889-A6ED4432E31A}.Release|Any CPU.Build.0 = Release|Any CPU
		{F578AA71-4E0C-46B5-99E3-C91FA6F1EA42}.Debug|Any CPU.ActiveCfg = Debug|Any CPU
		{F578AA71-4E0C-46B5-99E3-C91FA6F1EA42}.Debug|Any CPU.Build.0 = Debug|Any CPU
		{F578AA71-4E0C-46B5-99E3-C91FA6F1EA42}.Debug|Any CPU.Deploy.0 = Debug|Any CPU
		{F578AA71-4E0C-46B5-99E3-C91FA6F1EA42}.Release|Any CPU.ActiveCfg = Release|Any CPU
		{F578AA71-4E0C-46B5-99E3-C91FA6F1EA42}.Release|Any CPU.Build.0 = Release|Any CPU
		{F578AA71-4E0C-46B5-99E3-C91FA6F1EA42}.Release|Any CPU.Deploy.0 = Release|Any CPU
		{C31CCFFD-9873-462C-A105-D9AD0AE13DBD}.Debug|Any CPU.ActiveCfg = Debug|Any CPU
		{C31CCFFD-9873-462C-A105-D9AD0AE13DBD}.Debug|Any CPU.Build.0 = Debug|Any CPU
		{C31CCFFD-9873-462C-A105-D9AD0AE13DBD}.Release|Any CPU.ActiveCfg = Release|Any CPU
		{C31CCFFD-9873-462C-A105-D9AD0AE13DBD}.Release|Any CPU.Build.0 = Release|Any CPU
	EndGlobalSection
	GlobalSection(SolutionProperties) = preSolution
		HideSolutionNode = FALSE
	EndGlobalSection
	GlobalSection(ExtensibilityGlobals) = postSolution
		SolutionGuid = {F9DDC822-C238-4CFB-83D0-070ED28D150E}
	EndGlobalSection
EndGlobal
